
Microsoft Visual Studio Solution File, Format Version 12.00
# Visual Studio Version 17
VisualStudioVersion = 17.11.35312.102
MinimumVisualStudioVersion = 10.0.40219.1
Project("{FAE04EC0-301F-11D3-BF4B-00C04F79EFBC}") = "web2-backend", "web2-backend.csproj", "{C1E5D972-9B26-4ED5-B01B-2BE375DA2268}"
EndProject
Global
	GlobalSection(SolutionConfigurationPlatforms) = preSolution
		Debug|Any CPU = Debug|Any CPU
		Release|Any CPU = Release|Any CPU
	EndGlobalSection
	GlobalSection(ProjectConfigurationPlatforms) = postSolution
		{C1E5D972-9B26-4ED5-B01B-2BE375DA2268}.Debug|Any CPU.ActiveCfg = Debug|Any CPU
		{C1E5D972-9B26-4ED5-B01B-2BE375DA2268}.Debug|Any CPU.Build.0 = Debug|Any CPU
		{C1E5D972-9B26-4ED5-B01B-2BE375DA2268}.Release|Any CPU.ActiveCfg = Release|Any CPU
		{C1E5D972-9B26-4ED5-B01B-2BE375DA2268}.Release|Any CPU.Build.0 = Release|Any CPU
	EndGlobalSection
	GlobalSection(SolutionProperties) = preSolution
		HideSolutionNode = FALSE
	EndGlobalSection
	GlobalSection(ExtensibilityGlobals) = postSolution
		SolutionGuid = {84F54720-085A-4D86-B9B7-9267AC22D2E3}
	EndGlobalSection
EndGlobal
